
Microsoft Visual Studio Solution File, Format Version 12.00
# Visual Studio Version 17
VisualStudioVersion = 17.11.35327.3
MinimumVisualStudioVersion = 10.0.40219.1
Project("{9A19103F-16F7-4668-BE54-9A1E7A4F7556}") = "Aoc2ModdingHelper", "Aoc2ModdingHelper\Aoc2ModdingHelper.csproj", "{D4FD3A81-46B4-499E-8D8B-352742C85229}"
EndProject
Project("{9A19103F-16F7-4668-BE54-9A1E7A4F7556}") = "AoC2mh", "AoC2MH\AoC2mh.csproj", "{97E623F0-6A71-49E9-8E31-A41B6EBA32AD}"
EndProject
Global
	GlobalSection(SolutionConfigurationPlatforms) = preSolution
		Debug|Any CPU = Debug|Any CPU
		Release|Any CPU = Release|Any CPU
	EndGlobalSection
	GlobalSection(ProjectConfigurationPlatforms) = postSolution
		{D4FD3A81-46B4-499E-8D8B-352742C85229}.Debug|Any CPU.ActiveCfg = Debug|Any CPU
		{D4FD3A81-46B4-499E-8D8B-352742C85229}.Debug|Any CPU.Build.0 = Debug|Any CPU
		{D4FD3A81-46B4-499E-8D8B-352742C85229}.Release|Any CPU.ActiveCfg = Release|Any CPU
		{D4FD3A81-46B4-499E-8D8B-352742C85229}.Release|Any CPU.Build.0 = Release|Any CPU
		{97E623F0-6A71-49E9-8E31-A41B6EBA32AD}.Debug|Any CPU.ActiveCfg = Debug|Any CPU
		{97E623F0-6A71-49E9-8E31-A41B6EBA32AD}.Debug|Any CPU.Build.0 = Debug|Any CPU
		{97E623F0-6A71-49E9-8E31-A41B6EBA32AD}.Release|Any CPU.ActiveCfg = Release|Any CPU
		{97E623F0-6A71-49E9-8E31-A41B6EBA32AD}.Release|Any CPU.Build.0 = Release|Any CPU
	EndGlobalSection
	GlobalSection(SolutionProperties) = preSolution
		HideSolutionNode = FALSE
	EndGlobalSection
	GlobalSection(ExtensibilityGlobals) = postSolution
		SolutionGuid = {0E13978F-4F2A-49A4-8ACD-268641A405E1}
	EndGlobalSection
EndGlobal
